{
  "version": 1,
  "dependencies": {
    "net9.0": {
      "coverlet.collector": {
        "type": "Direct",
        "requested": "[10.0.1, )",
        "resolved": "10.0.1",
        "contentHash": "27jXSV/0DbVqF5jDrAxuQFZ9oaz6gmG03p8ttxAFk+X0M4woFYj7MoWDLCna5EGLb0CE6OE7X6ZH3Wt5smTtaA=="
      },
      "Jellyfin.Controller": {
        "type": "Direct",
        "requested": "[10.11.11, )",
        "resolved": "10.11.11",
        "contentHash": "SqlMUBged5A1UsLhiPtJmGhmi8ovKAyRUte39ycrTk577lsv7mg7EHF78ZNajhtdKlBIHy3iJ44QJENN+aW1mA==",
        "dependencies": {
          "BitFaster.Caching": "2.5.4",
          "Jellyfin.Common": "10.11.11",
          "Jellyfin.MediaEncoding.Keyframes": "10.11.11",
          "Jellyfin.Model": "10.11.11",
          "Jellyfin.Naming": "10.11.11",
          "Microsoft.Extensions.Configuration.Abstractions": "9.0.11",
          "Microsoft.Extensions.Configuration.Binder": "9.0.11",
          "System.Threading.Tasks.Dataflow": "9.0.11"
        }
      },
      "Microsoft.NET.Test.Sdk": {
        "type": "Direct",
        "requested": "[18.9.0, )",
        "resolved": "18.9.0",
        "contentHash": "xIzVXa/VpKXqDWzyC/5Hw8JbFY5u9k3Jc53CpcjBiOXvkQGio484LD9FNwOiGUSMDcYL3Rcw9sNgGi5WrswlPQ==",
        "dependencies": {
          "Microsoft.CodeCoverage": "18.9.0",
          "Microsoft.TestPlatform.TestHost": "18.9.0"
        }
      },
      "Moq": {
        "type": "Direct",
        "requested": "[4.20.72, )",
        "resolved": "4.20.72",
        "contentHash": "EA55cjyNn8eTNWrgrdZJH5QLFp2L43oxl1tlkoYUKIE9pRwL784OWiTXeCV5ApS+AMYEAlt7Fo03A2XfouvHmQ==",
        "dependencies": {
          "Castle.Core": "5.1.1"
        }
      },
      "Shouldly": {
        "type": "Direct",
        "requested": "[4.3.0, )",
        "resolved": "4.3.0",
        "contentHash": "sDetrWXrl6YXZ4HeLsdBoNk3uIa7K+V4uvIJ+cqdRa5DrFxeTED7VkjoxCuU1kJWpUuBDZz2QXFzSxBtVXLwRQ==",
        "dependencies": {
          "DiffEngine": "11.3.0",
          "EmptyFiles": "4.4.0"
        }
      },
      "xunit.runner.visualstudio": {
        "type": "Direct",
        "requested": "[4.0.0, )",
        "resolved": "4.0.0",
        "contentHash": "kzLFyBYUnoidpGOXvpNOfIo8C92gVgVR6X8ncHwhcrDYugiOut5rrhDkr0L3cWHd7J2pKXf6LgaeXoBBDlx1ag=="
      },
      "xunit.v3.mtp-off": {
        "type": "Direct",
        "requested": "[4.0.0, )",
        "resolved": "4.0.0",
        "contentHash": "k28WbNApfoMxnaYyg4W97MNc/KBCvAxHNPQtAMBXAQHTDaPgYCloJNwRA6OgkUhVyotWLvUxeXjO2Thc+R1ctA==",
        "dependencies": {
          "xunit.analyzers": "2.0.0",
          "xunit.v3.assert": "[4.0.0]",
          "xunit.v3.core.mtp-off": "[4.0.0]"
        }
      },
      "BitFaster.Caching": {
        "type": "Transitive",
        "resolved": "2.5.4",
        "contentHash": "1QroTY1PVCZOSG9FnkkCrmCKk/+bZCgI/YXq376HnYwUDJ4Ho0EaV4YaA/5v5WYLnwIwIO7RZkdWbg9pxIpueQ=="
      },
      "Castle.Core": {
        "type": "Transitive",
        "resolved": "5.1.1",
        "contentHash": "rpYtIczkzGpf+EkZgDr9CClTdemhsrwA/W5hMoPjLkRFnXzH44zDLoovXeKtmxb1ykXK9aJVODSpiJml8CTw2g==",
        "dependencies": {
          "System.Diagnostics.EventLog": "6.0.0"
        }
      },
      "Diacritics": {
        "type": "Transitive",
        "resolved": "4.0.17",
        "contentHash": "FmMvVQRsfon+x5P+dxz4mvV8wt45xr25EAOCkuo/Cjtc7lVYV5cZUSsNXwmKQpwO+TokIHpzxb8ENpqrm4yBlQ=="
      },
      "DiffEngine": {
        "type": "Transitive",
        "resolved": "11.3.0",
        "contentHash": "k0ZgZqd09jLZQjR8FyQbSQE86Q7QZnjEzq1LPHtj1R2AoWO8sjV5x+jlSisL7NZAbUOI4y+7Bog8gkr9WIRBGw==",
        "dependencies": {
          "EmptyFiles": "4.4.0",
          "System.Management": "6.0.1"
        }
      },
      "EmptyFiles": {
        "type": "Transitive",
        "resolved": "4.4.0",
        "contentHash": "gwJEfIGS7FhykvtZoscwXj/XwW+mJY6UbAZk+qtLKFUGWC95kfKXnj8VkxsZQnWBxJemM/q664rGLN5nf+OHZw=="
      },
      "ICU4N": {
        "type": "Transitive",
        "resolved": "60.1.0-alpha.356",
        "contentHash": "YMZtDnjcqWzziOKiE7w6Ma7Rl5vuFDxzOsUlHh1QyfghbNEIZQOLRs9MMfwCWAjX6n9UitrF6vLXy55Z5q+4Fg==",
        "dependencies": {
          "J2N": "2.0.0",
          "Microsoft.Extensions.Caching.Memory": "2.0.0"
        }
      },
      "ICU4N.Transliterator": {
        "type": "Transitive",
        "resolved": "60.1.0-alpha.356",
        "contentHash": "lFOSO6bbEtB6HkWMNDJAq+rFwVyi9g6xVc5O/2xHa6iZnV7wLVDqCbaQ4W4vIeBSQZAafqhxciaEkmAvSdzlCg==",
        "dependencies": {
          "ICU4N": "60.1.0-alpha.356"
        }
      },
      "J2N": {
        "type": "Transitive",
        "resolved": "2.0.0",
        "contentHash": "M5bwDajAARZiyqupU+rHQJnsVLxNBOHJ8vKYHd8LcLIb1FgLfzzcJvc31Qo5Xz/GEHFjDF9ScjKL/ks/zRTXuA=="
      },
      "Jellyfin.Common": {
        "type": "Transitive",
        "resolved": "10.11.11",
        "contentHash": "OZkCi8ruuR5TeL+EPXkudTHPJkbLnBolDGj1qKIB9opSePvJ6AJopxO1tPJSw7BgqNZbczYvD/t2oWdI95DJPA==",
        "dependencies": {
          "Jellyfin.Model": "10.11.11",
          "Microsoft.Extensions.Configuration.Abstractions": "9.0.11",
          "Microsoft.Extensions.DependencyInjection.Abstractions": "9.0.11"
        }
      },
      "Jellyfin.Data": {
        "type": "Transitive",
        "resolved": "10.11.11",
        "contentHash": "5rIih9CKDtWyhAR72O6Wi7ln3It+K8oXdgVF1EZEaeXTjFCl4n/+y6B3oYnFA3SeVMMmdcZq5ty+qTDcbyasLA==",
        "dependencies": {
          "Jellyfin.Database.Implementations": "10.11.11",
          "Microsoft.Extensions.Logging": "9.0.11"
        }
      },
      "Jellyfin.Database.Implementations": {
        "type": "Transitive",
        "resolved": "10.11.11",
        "contentHash": "kRfod73YY4EMvMx1dS6+/1dpsOuwJxk+lJ2D3TKAp7T/dz9C20JT3DroldkLursLc5BTXB74YT0/k6uNz/mySg==",
        "dependencies": {
          "Microsoft.EntityFrameworkCore.Relational": "9.0.11",
          "Polly": "8.6.5"
        }
      },
      "Jellyfin.Extensions": {
        "type": "Transitive",
        "resolved": "10.11.11",
        "contentHash": "mR8rQk09R4JRoKI1MWIDSsNbfsg4qsvhXML3QFw5+u+kkwYC1x3iT6Atz9doLKe0iV+odUXVWKwEljsIYS2J3g==",
        "dependencies": {
          "Diacritics": "4.0.17",
          "ICU4N.Transliterator": "60.1.0-alpha.356"
        }
      },
      "Jellyfin.MediaEncoding.Keyframes": {
        "type": "Transitive",
        "resolved": "10.11.11",
        "contentHash": "/7OxtK1mFEq5jIrNLGJlnxC3p/xKhdI4rbGzTKQ3pWewCUW6vpyonngQlIdm1JLjt58SeLN+OJ8wygu2lAIdFw==",
        "dependencies": {
          "Microsoft.Extensions.Logging.Abstractions": "9.0.11",
          "NEbml": "1.1.0.5"
        }
      },
      "Jellyfin.Model": {
        "type": "Transitive",
        "resolved": "10.11.11",
        "contentHash": "ijxySPrwVZvMPmsWAwEQXPjFD8E3YE6jSMX5bBLzipLZTgPicRwr2fXiuV4LdVs5yZUOkxqdV0aedoZXG++x1g==",
        "dependencies": {
          "Jellyfin.Data": "10.11.11",
          "Jellyfin.Extensions": "10.11.11",
          "Microsoft.Extensions.Logging.Abstractions": "9.0.11",
          "System.Globalization": "4.3.0",
          "System.Text.Json": "9.0.11"
        }
      },
      "Jellyfin.Naming": {
        "type": "Transitive",
        "resolved": "10.11.11",
        "contentHash": "D1/Zts7F+XI0UXt7A1oZ09C2V7e0MWd5tDsDAOjRP1E+/7ZmBEbXOMOq3stG5ZkzGiQOulDg+iNzckL9mWF4vw==",
        "dependencies": {
          "Jellyfin.Common": "10.11.11",
          "Jellyfin.Model": "10.11.11"
        }
      },
      "Microsoft.Bcl.AsyncInterfaces": {
        "type": "Transitive",
        "resolved": "6.0.0",
        "contentHash": "UcSjPsst+DfAdJGVDsu346FX0ci0ah+lw3WRtn18NUwEqRt70HaOQ7lI72vy3+1LxtqI3T5GWwV39rQSrCzAeg=="
      },
      "Microsoft.CodeCoverage": {
        "type": "Transitive",
        "resolved": "18.9.0",
        "contentHash": "MtegCIKGuG0r/LCdIjoR1HgzCGIUBhR3aNdbtQpts5vMXQuqBDZ2Jsd2uFKoHFM2XrQV6ZrDf3F5oLi3SLTp8w=="
      },
      "Microsoft.EntityFrameworkCore": {
        "type": "Transitive",
        "resolved": "9.0.11",
        "contentHash": "lqqV6JEmVv8s0Y/25RnKtYZ6qL+Vz14wEsrBV1ubVUyzDGrOp+10XJ54HNuRLUzdvzVPR2uQ5li/CPrBj0kQHg==",
        "dependencies": {
          "Microsoft.EntityFrameworkCore.Abstractions": "9.0.11",
          "Microsoft.EntityFrameworkCore.Analyzers": "9.0.11",
          "Microsoft.Extensions.Caching.Memory": "9.0.11",
          "Microsoft.Extensions.Logging": "9.0.11"
        }
      },
      "Microsoft.EntityFrameworkCore.Abstractions": {
        "type": "Transitive",
        "resolved": "9.0.11",
        "contentHash": "MHcdHm7vF71MfqYC68Jx9YfDAjxcuClGBZJk5zcJDRhVO4HgX+QFsOqcAisKWb20aBeF0IN1YkSktnEUf/tmLQ=="
      },
      "Microsoft.EntityFrameworkCore.Analyzers": {
        "type": "Transitive",
        "resolved": "9.0.11",
        "contentHash": "ccEk88YkXXWV+s5ZS+27UoY5YUVzgx8mq7kl+e05+AgJPGLhtmpQL26LxqBV1StJZEl2KaL8BxzABvXTXBAkoQ=="
      },
      "Microsoft.EntityFrameworkCore.Relational": {
        "type": "Transitive",
        "resolved": "9.0.11",
        "contentHash": "b6A19xFuU2F92C7N70+HSjRcxwDHTYTdZ/1PyLpHmzXt35G6ugCVKTPS+YJVK1u5ArrDFGQNu+EI+UrSRgUwGA==",
        "dependencies": {
          "Microsoft.EntityFrameworkCore": "9.0.11",
          "Microsoft.Extensions.Caching.Memory": "9.0.11",
          "Microsoft.Extensions.Configuration.Abstractions": "9.0.11",
          "Microsoft.Extensions.Logging": "9.0.11"
        }
      },
      "Microsoft.Extensions.Caching.Abstractions": {
        "type": "Transitive",
        "resolved": "9.0.11",
        "contentHash": "PRv1SPyrgl/ullMF6eKDuEULRkTc10fVcnWvzFhqIMDA3m5f91znKH9ZNsKZBgu4xVc4ulNt7TEXyyt0rdlB3g==",
        "dependencies": {
          "Microsoft.Extensions.Primitives": "9.0.11"
        }
      },
      "Microsoft.Extensions.Caching.Memory": {
        "type": "Transitive",
        "resolved": "9.0.11",
        "contentHash": "J77oUeVZXdMoiUiCPkL4v13KrNRuMQnSHHw78cTh/2ZidyiMFm8jhu49OUKvNydMUX8ZcuM5g8uohW18YaglMw==",
        "dependencies": {
          "Microsoft.Extensions.Caching.Abstractions": "9.0.11",
          "Microsoft.Extensions.DependencyInjection.Abstractions": "9.0.11",
          "Microsoft.Extensions.Logging.Abstractions": "9.0.11",
          "Microsoft.Extensions.Options": "9.0.11",
          "Microsoft.Extensions.Primitives": "9.0.11"
        }
      },
      "Microsoft.Extensions.Configuration.Abstractions": {
        "type": "Transitive",
        "resolved": "9.0.11",
        "contentHash": "g23//mPpMa33QdJkLujJICoCRbiLFpiQ4XbROG9JdeDI6/sM+qZPB2t5SmUWNM8GwY8dYW3NucxlZDFe8s3NAQ==",
        "dependencies": {
          "Microsoft.Extensions.Primitives": "9.0.11"
        }
      },
      "Microsoft.Extensions.Configuration.Binder": {
        "type": "Transitive",
        "resolved": "9.0.11",
        "contentHash": "iPE1jROL5uK/6iJSRzwpEIJt6BuANN36Io+6bLss67JVjbG6DdVedrMnB9nqsxs+Lx3X9RxvARTgFsUgP0MB0g==",
        "dependencies": {
          "Microsoft.Extensions.Configuration.Abstractions": "9.0.11"
        }
      },
      "Microsoft.Extensions.DependencyInjection": {
        "type": "Transitive",
        "resolved": "9.0.11",
        "contentHash": "UquyDzvz0EneIQrrU67GJkIgynS+VD7t+RDtNv6VgKMOFrLBjldn6hzlXppGGecFMvAkMTqn4T8RYvzw7j7fQA==",
        "dependencies": {
          "Microsoft.Extensions.DependencyInjection.Abstractions": "9.0.11"
        }
      },
      "Microsoft.Extensions.DependencyInjection.Abstractions": {
        "type": "Transitive",
        "resolved": "9.0.11",
        "contentHash": "+ZxxZzcVU+IEzq12GItUzf/V3mEc5nSLiXijwvDc4zyhbjvSZZ043giSZqGnhakrjwRWjkerIHPrRwm9okEIpw=="
      },
      "Microsoft.Extensions.Logging": {
        "type": "Transitive",
        "resolved": "9.0.11",
        "contentHash": "PVHYgMmMZFEE3PGpc7oZ9CnoyNonNyT5klrV9pNIzCPxL12FpQ7kNhliXAwowmtaDVBmKnG/1db6d7gqPwDj8g==",
        "dependencies": {
          "Microsoft.Extensions.DependencyInjection": "9.0.11",
          "Microsoft.Extensions.Logging.Abstractions": "9.0.11",
          "Microsoft.Extensions.Options": "9.0.11"
        }
      },
      "Microsoft.Extensions.Logging.Abstractions": {
        "type": "Transitive",
        "resolved": "9.0.11",
        "contentHash": "UKWFTDwtZQIoypyt1YPVsxTnDK+0sKn26+UeSGeNlkRQddrkt9EC6kP4g94rgO/WOZkz94bKNlF1dVZN3QfPFQ==",
        "dependencies": {
          "Microsoft.Extensions.DependencyInjection.Abstractions": "9.0.11"
        }
      },
      "Microsoft.Extensions.Options": {
        "type": "Transitive",
        "resolved": "9.0.11",
        "contentHash": "HX4M3BLkW1dtByMKHDVq6r7Jy6e4hf8NDzHpIgz7C8BtYk9JQHhfYX5c1UheQTD5Veg1yBhz/cD9C8vtrGrk9w==",
        "dependencies": {
          "Microsoft.Extensions.DependencyInjection.Abstractions": "9.0.11",
          "Microsoft.Extensions.Primitives": "9.0.11"
        }
      },
      "Microsoft.Extensions.Primitives": {
        "type": "Transitive",
        "resolved": "9.0.11",
        "contentHash": "rtUNSIhbQTv8iSBTFvtg2b/ZUkoqC9qAH9DdC2hr+xPpoZrxiCITci9UR/ELUGUGnGUrF8Xye+tGVRhCxE+4LA=="
      },
      "Microsoft.NETCore.Platforms": {
        "type": "Transitive",
        "resolved": "1.1.0",
        "contentHash": "kz0PEW2lhqygehI/d6XsPCQzD7ff7gUJaVGPVETX611eadGsA3A877GdSlU0LRVMCTH/+P3o2iDTak+S08V2+A=="
      },
      "Microsoft.NETCore.Targets": {
        "type": "Transitive",
        "resolved": "1.1.0",
        "contentHash": "aOZA3BWfz9RXjpzt0sRJJMjAscAUm3Hoa4UWAfceV9UTYxgwZ1lZt5nO2myFf+/jetYQo4uTP7zS8sJY67BBxg=="
      },
      "Microsoft.TestPlatform.ObjectModel": {
        "type": "Transitive",
        "resolved": "18.9.0",
        "contentHash": "Fz/qXC52VXXopzHj7v2reCKcCqSxkTDCkEDfkNAH0vni/7qK/KLMiEYtRmnUanxO2F2g2zZZ60qCpxF0AF7URA=="
      },
      "Microsoft.TestPlatform.TestHost": {
        "type": "Transitive",
        "resolved": "18.9.0",
        "contentHash": "Oq+Pma/J86aZL72t71bcESvDszDsTjUfl6PIsuDdPoKTHZfNMhKamCfLD5fKx51W/u0KozXtJo2/3fnt0sgPxg==",
        "dependencies": {
          "Microsoft.TestPlatform.ObjectModel": "18.9.0"
        }
      },
      "Microsoft.Win32.Registry": {
        "type": "Transitive",
        "resolved": "5.0.0",
        "contentHash": "dDoKi0PnDz31yAyETfRntsLArTlVAVzUzCIvvEDsDsucrl33Dl8pIJG06ePTJTI3tGpeyHS9Cq7Foc/s4EeKcg==",
        "dependencies": {
          "System.Security.AccessControl": "5.0.0",
          "System.Security.Principal.Windows": "5.0.0"
        }
      },
      "NEbml": {
        "type": "Transitive",
        "resolved": "1.1.0.5",
        "contentHash": "svtqDc+hue9kbnqNN2KkK4om/hDrc7K127cNb5FIYfgKgzo+JNDPXNLp8NioCchHhBO3lxWd4Cp/iiZZ3aoUqg=="
      },
      "Polly": {
        "type": "Transitive",
        "resolved": "8.6.5",
        "contentHash": "VqtW2ZE/ALvQMAH1cQY3qZ2cF2OXa3oe/HKMdOv6Q02HCoEW0rsFNfcBONXlHBe1TnjWW1vdRxBEkPeq0/2FHA==",
        "dependencies": {
          "Polly.Core": "8.6.5"
        }
      },
      "Polly.Core": {
        "type": "Transitive",
        "resolved": "8.6.5",
        "contentHash": "t+sUVrIwvo7UmsgHGgOG9F0GDZSRIm47u2ylH17Gvcv1q5hNEwgD5GoBlFyc0kh/pebmPyrAgvGsR/65ZBaXlg=="
      },
      "System.CodeDom": {
        "type": "Transitive",
        "resolved": "6.0.0",
        "contentHash": "CPc6tWO1LAer3IzfZufDBRL+UZQcj5uS207NHALQzP84Vp/z6wF0Aa0YZImOQY8iStY0A2zI/e3ihKNPfUm8XA=="
      },
      "System.Diagnostics.EventLog": {
        "type": "Transitive",
        "resolved": "6.0.0",
        "contentHash": "lcyUiXTsETK2ALsZrX+nWuHSIQeazhqPphLfaRxzdGaG93+0kELqpgEHtwWOlQe7+jSFnKwaCAgL4kjeZCQJnw=="
      },
      "System.Globalization": {
        "type": "Transitive",
        "resolved": "4.3.0",
        "contentHash": "kYdVd2f2PAdFGblzFswE4hkNANJBKRmsfa2X5LG2AcWE1c7/4t0pYae1L8vfZ5xvE2nK/R9JprtToA61OSHWIg==",
        "dependencies": {
          "Microsoft.NETCore.Platforms": "1.1.0",
          "Microsoft.NETCore.Targets": "1.1.0",
          "System.Runtime": "4.3.0"
        }
      },
      "System.Management": {
        "type": "Transitive",
        "resolved": "6.0.1",
        "contentHash": "10J1D0h/lioojphfJ4Fuh5ZUThT/xOVHdV9roGBittKKNP2PMjrvibEdbVTGZcPra1399Ja3tqIJLyQrc5Wmhg==",
        "dependencies": {
          "System.CodeDom": "6.0.0"
        }
      },
      "System.Runtime": {
        "type": "Transitive",
        "resolved": "4.3.0",
        "contentHash": "JufQi0vPQ0xGnAczR13AUFglDyVYt4Kqnz1AZaiKZ5+GICq0/1MH/mO/eAJHt/mHW1zjKBJd7kV26SrxddAhiw==",
        "dependencies": {
          "Microsoft.NETCore.Platforms": "1.1.0",
          "Microsoft.NETCore.Targets": "1.1.0"
        }
      },
      "System.Security.AccessControl": {
        "type": "Transitive",
        "resolved": "6.0.1",
        "contentHash": "IQ4NXP/B3Ayzvw0rDQzVTYsCKyy0Jp9KI6aYcK7UnGVlR9+Awz++TIPCQtPYfLJfOpm8ajowMR09V7quD3sEHw=="
      },
      "System.Security.Principal.Windows": {
        "type": "Transitive",
        "resolved": "5.0.0",
        "contentHash": "t0MGLukB5WAVU9bO3MGzvlGnyJPgUlcwerXn1kzBRjwLKixT96XV0Uza41W49gVd8zEMFu9vQEFlv0IOrytICA=="
      },
      "System.Text.Json": {
        "type": "Transitive",
        "resolved": "9.0.11",
        "contentHash": "DGToqSFbBSU6pMSbZuJ+7jDvLa73rvpcYdGFqZIB3FKdCVlEAbrBJrl9PuCT6E0QbdhXjPwqalYc5lxjUqMQzw=="
      },
      "System.Threading.Tasks.Dataflow": {
        "type": "Transitive",
        "resolved": "9.0.11",
        "contentHash": "FrP9Mbkr7BChru2FgLN8Y+Dl2mJdlsqIFW6jFnXtHr6zHw6KHZCDqZ5uBJSMsGEV3pvwF6Ik8UIUGUvAMwhb2g=="
      },
      "xunit.analyzers": {
        "type": "Transitive",
        "resolved": "2.0.0",
        "contentHash": "2UtauxWDa9C6bT7MvFfZkNoFulfflb00jnDU2xeVO9Y58l4Ah2Mv/HiMs4b0zdpK/SfAxpajkgKNMN8zBKa+7Q=="
      },
      "xunit.v3.assert": {
        "type": "Transitive",
        "resolved": "4.0.0",
        "contentHash": "QxYfC+98lCMe7Kl9iWDUeUn+gmiPJ2Sz/r+trSdp1mvKyDMXj8S1kYdfkFNJSHyUSQ6KWomenSDgfWhGpR8zEQ=="
      },
      "xunit.v3.common": {
        "type": "Transitive",
        "resolved": "4.0.0",
        "contentHash": "cjaNGmOVA5QJxcp6uuSsDhbt0lNmxezFo226mbYOuXm9E9Owq8bYTKxa9wnAMZRnbvyCmCYhAvc/+UAzf0M2vA==",
        "dependencies": {
          "Microsoft.Bcl.AsyncInterfaces": "6.0.0"
        }
      },
      "xunit.v3.core.mtp-off": {
        "type": "Transitive",
        "resolved": "4.0.0",
        "contentHash": "4tLLdNEjmci08FxpnZZl9sJgsx3DeHYWBj5bWg0rhZ3g5ffOqpg1SdFKy8+VnwrqW6jbWd0o88TM3U+FSBB9tQ==",
        "dependencies": {
          "xunit.v3.extensibility.core": "[4.0.0]",
          "xunit.v3.runner.inproc.console": "[4.0.0]"
        }
      },
      "xunit.v3.extensibility.core": {
        "type": "Transitive",
        "resolved": "4.0.0",
        "contentHash": "+tTe9VX2vwrUHGI48FE4ly956Ry084wPH4I/7g5D36AkAMGjQRZZDVz8eH2GwX/CLS9PDQRSca534WyrAYsyzw==",
        "dependencies": {
          "xunit.v3.common": "[4.0.0]"
        }
      },
      "xunit.v3.runner.common": {
        "type": "Transitive",
        "resolved": "4.0.0",
        "contentHash": "1IEIAVRgnPo9nihd9D0TvxxsLKVRySa+K0wLy/m0SJ4RMdveRCUj/mICFboruO+ILUJ10fUfCCyp7MC5/y7cGw==",
        "dependencies": {
          "Microsoft.Win32.Registry": "[5.0.0]",
          "System.Security.AccessControl": "[6.0.1]",
          "xunit.v3.common": "[4.0.0]"
        }
      },
      "xunit.v3.runner.inproc.console": {
        "type": "Transitive",
        "resolved": "4.0.0",
        "contentHash": "Sp5AALIlZUf2U5pEt2LHs+ebn18eAPSFnXEouJTltLez5p+NQvBm7kzsKSkZOM6iyoS6nuN/wKdsJt2LvixjsQ==",
        "dependencies": {
          "xunit.v3.extensibility.core": "[4.0.0]",
          "xunit.v3.runner.common": "[4.0.0]"
        }
      },
      "jellyfin.plugin.lastfm": {
        "type": "Project",
        "dependencies": {
          "Jellyfin.Controller": "[10.11.11, )"
        }
      }
    }
  }
}